
Microsoft Visual Studio Solution File, Format Version 12.00
# Visual Studio Version 16
VisualStudioVersion = 16.0.29102.190
MinimumVisualStudioVersion = 10.0.40219.1
Project("{FAE04EC0-301F-11D3-BF4B-00C04F79EFBC}") = "WindowsFormsApp1", "WindowsFormsApp1\WindowsFormsApp1.csproj", "{9DAB8ECD-9D7D-4ADB-8DDC-E9D8B37B0005}"
EndProject
Global
	GlobalSection(SolutionConfigurationPlatforms) = preSolution
		Debug|Any CPU = Debug|Any CPU
		Release|Any CPU = Release|Any CPU
	EndGlobalSection
	GlobalSection(ProjectConfigurationPlatforms) = postSolution
		{9DAB8ECD-9D7D-4ADB-8DDC-E9D8B37B0005}.Debug|Any CPU.ActiveCfg = Debug|Any CPU
		{9DAB8ECD-9D7D-4ADB-8DDC-E9D8B37B0005}.Debug|Any CPU.Build.0 = Debug|Any CPU
		{9DAB8ECD-9D7D-4ADB-8DDC-E9D8B37B0005}.Release|Any CPU.ActiveCfg = Release|Any CPU
		{9DAB8ECD-9D7D-4ADB-8DDC-E9D8B37B0005}.Release|Any CPU.Build.0 = Release|Any CPU
	EndGlobalSection
	GlobalSection(SolutionProperties) = preSolution
		HideSolutionNode = FALSE
	EndGlobalSection
	GlobalSection(ExtensibilityGlobals) = postSolution
		SolutionGuid = {3B7B1674-CDA2-46DA-B08A-AD2297699EDA}
	EndGlobalSection
EndGlobal
