
Microsoft Visual Studio Solution File, Format Version 12.00
# Visual Studio Version 16
VisualStudioVersion = 16.0.29102.190
MinimumVisualStudioVersion = 10.0.40219.1
Project("{FAE04EC0-301F-11D3-BF4B-00C04F79EFBC}") = "Largest", "Largest\Largest.csproj", "{885816DB-C09F-4B69-9926-3D0FAAD68A7E}"
EndProject
Global
	GlobalSection(SolutionConfigurationPlatforms) = preSolution
		Debug|Any CPU = Debug|Any CPU
		Release|Any CPU = Release|Any CPU
	EndGlobalSection
	GlobalSection(ProjectConfigurationPlatforms) = postSolution
		{885816DB-C09F-4B69-9926-3D0FAAD68A7E}.Debug|Any CPU.ActiveCfg = Debug|Any CPU
		{885816DB-C09F-4B69-9926-3D0FAAD68A7E}.Debug|Any CPU.Build.0 = Debug|Any CPU
		{885816DB-C09F-4B69-9926-3D0FAAD68A7E}.Release|Any CPU.ActiveCfg = Release|Any CPU
		{885816DB-C09F-4B69-9926-3D0FAAD68A7E}.Release|Any CPU.Build.0 = Release|Any CPU
	EndGlobalSection
	GlobalSection(SolutionProperties) = preSolution
		HideSolutionNode = FALSE
	EndGlobalSection
	GlobalSection(ExtensibilityGlobals) = postSolution
		SolutionGuid = {85FBF214-EBA1-42C5-8351-B6CFBD163948}
	EndGlobalSection
EndGlobal
